PODS:
  - flutter_audio_toolkit (0.3.8):
    - FlutterMacOS
  - FlutterMacOS (1.0.0)

DEPENDENCIES:
  - flutter_audio_toolkit (from `Flutter/ephemeral/.symlinks/plugins/flutter_audio_toolkit/macos`)
  - FlutterMacOS (from `Flutter/ephemeral`)

EXTERNAL SOURCES:
  flutter_audio_toolkit:
    :path: Flutter/ephemeral/.symlinks/plugins/flutter_audio_toolkit/macos
  FlutterMacOS:
    :path: Flutter/ephemeral

SPEC CHECKSUMS:
  flutter_audio_toolkit: 3db86b9d755df744ffc40a8568abd70b07f4fcd8
  FlutterMacOS: c232990155153907050900a2e175c7773903ba4e

PODFILE CHECKSUM: 1e95c36afbfd1cb6423ceca4de7a8e1b256fb6ac

COCOAPODS: 1.16.2
